
Microsoft Visual Studio Solution File, Format Version 12.00
# Visual Studio Version 17
VisualStudioVersion = 17.0.31903.59
MinimumVisualStudioVersion = 10.0.40219.1
Project("{2150E333-8FDC-42A3-9474-1A3956D46DE8}") = "Presentation", "Presentation", "{02EA681E-C7D8-13C7-8484-4AC65E1B71E8}"
EndProject
Project("{FAE04EC0-301F-11D3-BF4B-00C04F79EFBC}") = "Fundo.Applications.WebApi", "Presentation\Fundo.Applications.WebApi\Fundo.Applications.WebApi.csproj", "{57F129F5-9EB7-F7EA-5ED8-6958CDF8C4C4}"
EndProject
Project("{2150E333-8FDC-42A3-9474-1A3956D46DE8}") = "Core", "Core", "{EA806C40-7512-4421-BAE1-46A6FFA4CF3D}"
EndProject
Project("{2150E333-8FDC-42A3-9474-1A3956D46DE8}") = "Infrastructure", "Infrastructure", "{6D4A262D-A5FA-4FC0-AFD9-51B1B6417E35}"
EndProject
Project("{FAE04EC0-301F-11D3-BF4B-00C04F79EFBC}") = "Fundo.Applications.Infrastructure", "Infrastructure\Fundo.Applications.Infrastructure\Fundo.Applications.Infrastructure.csproj", "{E7F2F9E1-39DC-4BFC-8614-7C4BDF42F6FD}"
EndProject
Project("{FAE04EC0-301F-11D3-BF4B-00C04F79EFBC}") = "Fundo.Services.Tests", "Presentation\Fundo.Services.Tests\Fundo.Services.Tests.csproj", "{285487DE-C25D-FDB2-DBF3-A2D8F7474B75}"
EndProject
Project("{FAE04EC0-301F-11D3-BF4B-00C04F79EFBC}") = "Fundo.Applications.Application", "Core\Fundo.Applications.Application\Fundo.Applications.Application.csproj", "{D14BDAA1-9580-6313-98A1-EB33C738BE25}"
EndProject
Project("{FAE04EC0-301F-11D3-BF4B-00C04F79EFBC}") = "Fundo.Applications.Domain", "Core\Fundo.Applications.Domain\Fundo.Applications.Domain.csproj", "{714CF6BD-3544-F98B-FD70-497BD9113C40}"
EndProject
Global
	GlobalSection(SolutionConfigurationPlatforms) = preSolution
		Debug|Any CPU = Debug|Any CPU
		Release|Any CPU = Release|Any CPU
	EndGlobalSection
	GlobalSection(ProjectConfigurationPlatforms) = postSolution
		{57F129F5-9EB7-F7EA-5ED8-6958CDF8C4C4}.Debug|Any CPU.ActiveCfg = Debug|Any CPU
		{57F129F5-9EB7-F7EA-5ED8-6958CDF8C4C4}.Debug|Any CPU.Build.0 = Debug|Any CPU
		{57F129F5-9EB7-F7EA-5ED8-6958CDF8C4C4}.Release|Any CPU.ActiveCfg = Release|Any CPU
		{57F129F5-9EB7-F7EA-5ED8-6958CDF8C4C4}.Release|Any CPU.Build.0 = Release|Any CPU
		{E7F2F9E1-39DC-4BFC-8614-7C4BDF42F6FD}.Debug|Any CPU.ActiveCfg = Debug|Any CPU
		{E7F2F9E1-39DC-4BFC-8614-7C4BDF42F6FD}.Debug|Any CPU.Build.0 = Debug|Any CPU
		{E7F2F9E1-39DC-4BFC-8614-7C4BDF42F6FD}.Release|Any CPU.ActiveCfg = Release|Any CPU
		{E7F2F9E1-39DC-4BFC-8614-7C4BDF42F6FD}.Release|Any CPU.Build.0 = Release|Any CPU
		{285487DE-C25D-FDB2-DBF3-A2D8F7474B75}.Debug|Any CPU.ActiveCfg = Debug|Any CPU
		{285487DE-C25D-FDB2-DBF3-A2D8F7474B75}.Debug|Any CPU.Build.0 = Debug|Any CPU
		{285487DE-C25D-FDB2-DBF3-A2D8F7474B75}.Release|Any CPU.ActiveCfg = Release|Any CPU
		{285487DE-C25D-FDB2-DBF3-A2D8F7474B75}.Release|Any CPU.Build.0 = Release|Any CPU
		{D14BDAA1-9580-6313-98A1-EB33C738BE25}.Debug|Any CPU.ActiveCfg = Debug|Any CPU
		{D14BDAA1-9580-6313-98A1-EB33C738BE25}.Debug|Any CPU.Build.0 = Debug|Any CPU
		{D14BDAA1-9580-6313-98A1-EB33C738BE25}.Release|Any CPU.ActiveCfg = Release|Any CPU
		{D14BDAA1-9580-6313-98A1-EB33C738BE25}.Release|Any CPU.Build.0 = Release|Any CPU
		{714CF6BD-3544-F98B-FD70-497BD9113C40}.Debug|Any CPU.ActiveCfg = Debug|Any CPU
		{714CF6BD-3544-F98B-FD70-497BD9113C40}.Debug|Any CPU.Build.0 = Debug|Any CPU
		{714CF6BD-3544-F98B-FD70-497BD9113C40}.Release|Any CPU.ActiveCfg = Release|Any CPU
		{714CF6BD-3544-F98B-FD70-497BD9113C40}.Release|Any CPU.Build.0 = Release|Any CPU
	EndGlobalSection
	GlobalSection(SolutionProperties) = preSolution
		HideSolutionNode = FALSE
	EndGlobalSection
	GlobalSection(NestedProjects) = preSolution
		{57F129F5-9EB7-F7EA-5ED8-6958CDF8C4C4} = {02EA681E-C7D8-13C7-8484-4AC65E1B71E8}
		{E7F2F9E1-39DC-4BFC-8614-7C4BDF42F6FD} = {6D4A262D-A5FA-4FC0-AFD9-51B1B6417E35}
		{285487DE-C25D-FDB2-DBF3-A2D8F7474B75} = {02EA681E-C7D8-13C7-8484-4AC65E1B71E8}
		{D14BDAA1-9580-6313-98A1-EB33C738BE25} = {EA806C40-7512-4421-BAE1-46A6FFA4CF3D}
		{714CF6BD-3544-F98B-FD70-497BD9113C40} = {EA806C40-7512-4421-BAE1-46A6FFA4CF3D}
	EndGlobalSection
	GlobalSection(ExtensibilityGlobals) = postSolution
		SolutionGuid = {76417931-7C0F-4606-A7E2-1BAD001F1AB3}
	EndGlobalSection
EndGlobal
